// !$*UTF8*$!
{
	archiveVersion = 1;
	classes = {
	};
	objectVersion = 46;
	objects = {

/* Begin PBXBuildFile section */
		8FEE8D121A719345005C7E1B /* main.m in Sources */ = {isa = PBXBuildFile; fileRef = 8FEE8D111A719345005C7E1B /* main.m */; };
		8FEE8D151A719345005C7E1B /* AppDelegate.m in Sources */ = {isa = PBXBuildFile; fileRef = 8FEE8D141A719345005C7E1B /* AppDelegate.m */; };
		8FEE8D181A719345005C7E1B /* RootViewController.m in Sources */ = {isa = PBXBuildFile; fileRef = 8FEE8D171A719345005C7E1B /* RootViewController.m */; };
		8FEE8D1B1A719345005C7E1B /* DataViewController.m in Sources */ = {isa = PBXBuildFile; fileRef = 8FEE8D1A1A719345005C7E1B /* DataViewController.m */; };
		8FEE8D1E1A719345005C7E1B /* ModelController.m in Sources */ = {isa = PBXBuildFile; fileRef = 8FEE8D1D1A719345005C7E1B /* ModelController.m */; };
		8FEE8D211A719345005C7E1B /* Main.storyboard in Resources */ = {isa = PBXBuildFile; fileRef = 8FEE8D1F1A719345005C7E1B /* Main.storyboard */; };
		8FEE8D231A719345005C7E1B /* Images.xcassets in Resources */ = {isa = PBXBuildFile; fileRef = 8FEE8D221A719345005C7E1B /* Images.xcassets */; };
		8FEE8D261A719345005C7E1B /* LaunchScreen.xib in Resources */ = {isa = PBXBuildFile; fileRef = 8FEE8D241A719345005C7E1B /* LaunchScreen.xib */; };
		8FEE8D321A719345005C7E1B /* QuizTests.m in Sources */ = {isa = PBXBuildFile; fileRef = 8FEE8D311A719345005C7E1B /* QuizTests.m */; };
		8FEE8D3E1A719627005C7E1B /* ViewController.m in Sources */ = {isa = PBXBuildFile; fileRef = 8FEE8D3C1A719627005C7E1B /* ViewController.m */; };
		8FEE8D3F1A719627005C7E1B /* ViewController.xib in Resources */ = {isa = PBXBuildFile; fileRef = 8FEE8D3D1A719627005C7E1B /* ViewController.xib */; };
/* End PBXBuildFile section */

/* Begin PBXContainerItemProxy section */
		8FEE8D2C1A719345005C7E1B /* PBXContainerItemProxy */ = {
			isa = PBXContainerItemProxy;
			containerPortal = 8FEE8D041A719345005C7E1B /* Project object */;
			proxyType = 1;
			remoteGlobalIDString = 8FEE8D0B1A719345005C7E1B;
			remoteInfo = Quiz;
		};
/* End PBXContainerItemProxy section */

/* Begin PBXFileReference section */
		8FEE8D0C1A719345005C7E1B /* Quiz.app */ = {isa = PBXFileReference; explicitFileType = wrapper.application; includeInIndex = 0; path = Quiz.app; sourceTree = BUILT_PRODUCTS_DIR; };
		8FEE8D101A719345005C7E1B /* Info.plist */ = {isa = PBXFileReference; lastKnownFileType = text.plist.xml; path = Info.plist; sourceTree = "<group>"; };
		8FEE8D111A719345005C7E1B /* main.m */ = {isa = PBXFileReference; lastKnownFileType = sourcecode.c.objc; path = main.m; sourceTree = "<group>"; };
		8FEE8D131A719345005C7E1B /* AppDelegate.h */ = {isa = PBXFileReference; lastKnownFileType = sourcecode.c.h; path = AppDelegate.h; sourceTree = "<group>"; };
		8FEE8D141A719345005C7E1B /* AppDelegate.m */ = {isa = PBXFileReference; lastKnownFileType = sourcecode.c.objc; path = AppDelegate.m; sourceTree = "<group>"; };
		8FEE8D161A719345005C7E1B /* RootViewController.h */ = {isa = PBXFileReference; lastKnownFileType = sourcecode.c.h; path = RootViewController.h; sourceTree = "<group>"; };
		8FEE8D171A719345005C7E1B /* RootViewController.m */ = {isa = PBXFileReference; lastKnownFileType = sourcecode.c.objc; path = RootViewController.m; sourceTree = "<group>"; };
		8FEE8D191A719345005C7E1B /* DataViewController.h */ = {isa = PBXFileReference; lastKnownFileType = sourcecode.c.h; path = DataViewController.h; sourceTree = "<group>"; };
		8FEE8D1A1A719345005C7E1B /* DataViewController.m */ = {isa = PBXFileReference; lastKnownFileType = sourcecode.c.objc; path = DataViewController.m; sourceTree = "<group>"; };
		8FEE8D1C1A719345005C7E1B /* ModelController.h */ = {isa = PBXFileReference; lastKnownFileType = sourcecode.c.h; path = ModelController.h; sourceTree = "<group>"; };
		8FEE8D1D1A719345005C7E1B /* ModelController.m */ = {isa = PBXFileReference; lastKnownFileType = sourcecode.c.objc; path = ModelController.m; sourceTree = "<group>"; };
		8FEE8D201A719345005C7E1B /* Base */ = {isa = PBXFileReference; lastKnownFileType = file.storyboard; name = Base; path = Base.lproj/Main.storyboard; sourceTree = "<group>"; };
		8FEE8D221A719345005C7E1B /* Images.xcassets */ = {isa = PBXFileReference; lastKnownFileType = folder.assetcatalog; path = Images.xcassets; sourceTree = "<group>"; };
		8FEE8D251A719345005C7E1B /* Base */ = {isa = PBXFileReference; lastKnownFileType = file.xib; name = Base; path = Base.lproj/LaunchScreen.xib; sourceTree = "<group>"; };
		8FEE8D2B1A719345005C7E1B /* QuizTests.xctest */ = {isa = PBXFileReference; explicitFileType = wrapper.cfbundle; includeInIndex = 0; path = QuizTests.xctest; sourceTree = BUILT_PRODUCTS_DIR; };
		8FEE8D301A719345005C7E1B /* Info.plist */ = {isa = PBXFileReference; lastKnownFileType = text.plist.xml; path = Info.plist; sourceTree = "<group>"; };
		8FEE8D311A719345005C7E1B /* QuizTests.m */ = {isa = PBXFileReference; lastKnownFileType = sourcecode.c.objc; path = QuizTests.m; sourceTree = "<group>"; };
		8FEE8D3B1A719627005C7E1B /* ViewController.h */ = {isa = PBXFileReference; fileEncoding = 4; lastKnownFileType = sourcecode.c.h; path = ViewController.h; sourceTree = "<group>"; };
		8FEE8D3C1A719627005C7E1B /* ViewController.m */ = {isa = PBXFileReference; fileEncoding = 4; lastKnownFileType = sourcecode.c.objc; path = ViewController.m; sourceTree = "<group>"; };
		8FEE8D3D1A719627005C7E1B /* ViewController.xib */ = {isa = PBXFileReference; fileEncoding = 4; lastKnownFileType = file.xib; path = ViewController.xib; sourceTree = "<group>"; };
/* End PBXFileReference section */

/* Begin PBXFrameworksBuildPhase section */
		8FEE8D091A719345005C7E1B /* Frameworks */ = {
			isa = PBXFrameworksBuildPhase;
			buildActionMask = 2147483647;
			files = (
			);
			runOnlyForDeploymentPostprocessing = 0;
		};
		8FEE8D281A719345005C7E1B /* Frameworks */ = {
			isa = PBXFrameworksBuildPhase;
			buildActionMask = 2147483647;
			files = (
			);
			runOnlyForDeploymentPostprocessing = 0;
		};
/* End PBXFrameworksBuildPhase section */

/* Begin PBXGroup section */
		8FEE8D031A719345005C7E1B = {
			isa = PBXGroup;
			children = (
				8FEE8D3B1A719627005C7E1B /* ViewController.h */,
				8FEE8D3C1A719627005C7E1B /* ViewController.m */,
				8FEE8D3D1A719627005C7E1B /* ViewController.xib */,
				8FEE8D0E1A719345005C7E1B /* Quiz */,
				8FEE8D2E1A719345005C7E1B /* QuizTests */,
				8FEE8D0D1A719345005C7E1B /* Products */,
			);
			sourceTree = "<group>";
		};
		8FEE8D0D1A719345005C7E1B /* Products */ = {
			isa = PBXGroup;
			children = (
				8FEE8D0C1A719345005C7E1B /* Quiz.app */,
				8FEE8D2B1A719345005C7E1B /* QuizTests.xctest */,
			);
			name = Products;
			sourceTree = "<group>";
		};
		8FEE8D0E1A719345005C7E1B /* Quiz */ = {
			isa = PBXGroup;
			children = (
				8FEE8D131A719345005C7E1B /* AppDelegate.h */,
				8FEE8D141A719345005C7E1B /* AppDelegate.m */,
				8FEE8D161A719345005C7E1B /* RootViewController.h */,
				8FEE8D171A719345005C7E1B /* RootViewController.m */,
				8FEE8D191A719345005C7E1B /* DataViewController.h */,
				8FEE8D1A1A719345005C7E1B /* DataViewController.m */,
				8FEE8D1C1A719345005C7E1B /* ModelController.h */,
				8FEE8D1D1A719345005C7E1B /* ModelController.m */,
				8FEE8D1F1A719345005C7E1B /* Main.storyboard */,
				8FEE8D221A719345005C7E1B /* Images.xcassets */,
				8FEE8D241A719345005C7E1B /* LaunchScreen.xib */,
				8FEE8D0F1A719345005C7E1B /* Supporting Files */,
			);
			path = Quiz;
			sourceTree = "<group>";
		};
		8FEE8D0F1A719345005C7E1B /* Supporting Files */ = {
			isa = PBXGroup;
			children = (
				8FEE8D101A719345005C7E1B /* Info.plist */,
				8FEE8D111A719345005C7E1B /* main.m */,
			);
			name = "Supporting Files";
			sourceTree = "<group>";
		};
		8FEE8D2E1A719345005C7E1B /* QuizTests */ = {
			isa = PBXGroup;
			children = (
				8FEE8D311A719345005C7E1B /* QuizTests.m */,
				8FEE8D2F1A719345005C7E1B /* Supporting Files */,
			);
			path = QuizTests;
			sourceTree = "<group>";
		};
		8FEE8D2F1A719345005C7E1B /* Supporting Files */ = {
			isa = PBXGroup;
			children = (
				8FEE8D301A719345005C7E1B /* Info.plist */,
			);
			name = "Supporting Files";
			sourceTree = "<group>";
		};
/* End PBXGroup section */

/* Begin PBXNativeTarget section */
		8FEE8D0B1A719345005C7E1B /* Quiz */ = {
			isa = PBXNativeTarget;
			buildConfigurationList = 8FEE8D351A719345005C7E1B /* Build configuration list for PBXNativeTarget "Quiz" */;
			buildPhases = (
				8FEE8D081A719345005C7E1B /* Sources */,
				8FEE8D091A719345005C7E1B /* Frameworks */,
				8FEE8D0A1A719345005C7E1B /* Resources */,
			);
			buildRules = (
			);
			dependencies = (
			);
			name = Quiz;
			productName = Quiz;
			productReference = 8FEE8D0C1A719345005C7E1B /* Quiz.app */;
			productType = "com.apple.product-type.application";
		};
		8FEE8D2A1A719345005C7E1B /* QuizTests */ = {
			isa = PBXNativeTarget;
			buildConfigurationList = 8FEE8D381A719345005C7E1B /* Build configuration list for PBXNativeTarget "QuizTests" */;
			buildPhases = (
				8FEE8D271A719345005C7E1B /* Sources */,
				8FEE8D281A719345005C7E1B /* Frameworks */,
				8FEE8D291A719345005C7E1B /* Resources */,
			);
			buildRules = (
			);
			dependencies = (
				8FEE8D2D1A719345005C7E1B /* PBXTargetDependency */,
			);
			name = QuizTests;
			productName = QuizTests;
			productReference = 8FEE8D2B1A719345005C7E1B /* QuizTests.xctest */;
			productType = "com.apple.product-type.bundle.unit-test";
		};
/* End PBXNativeTarget section */

/* Begin PBXProject section */
		8FEE8D041A719345005C7E1B /* Project object */ = {
			isa = PBXProject;
			attributes = {
				LastUpgradeCheck = 0610;
				ORGANIZATIONNAME = "Carper, Iyeshia Milan";
				TargetAttributes = {
					8FEE8D0B1A719345005C7E1B = {
						CreatedOnToolsVersion = 6.1;
					};
					8FEE8D2A1A719345005C7E1B = {
						CreatedOnToolsVersion = 6.1;
						TestTargetID = 8FEE8D0B1A719345005C7E1B;
					};
				};
			};
			buildConfigurationList = 8FEE8D071A719345005C7E1B /* Build configuration list for PBXProject "Quiz" */;
			compatibilityVersion = "Xcode 3.2";
			developmentRegion = English;
			hasScannedForEncodings = 0;
			knownRegions = (
				en,
				Base,
			);
			mainGroup = 8FEE8D031A719345005C7E1B;
			productRefGroup = 8FEE8D0D1A719345005C7E1B /* Products */;
			projectDirPath = "";
			projectRoot = "";
			targets = (
				8FEE8D0B1A719345005C7E1B /* Quiz */,
				8FEE8D2A1A719345005C7E1B /* QuizTests */,
			);
		};
/* End PBXProject section */

/* Begin PBXResourcesBuildPhase section */
		8FEE8D0A1A719345005C7E1B /* Resources */ = {
			isa = PBXResourcesBuildPhase;
			buildActionMask = 2147483647;
			files = (
				8FEE8D211A719345005C7E1B /* Main.storyboard in Resources */,
				8FEE8D261A719345005C7E1B /* LaunchScreen.xib in Resources */,
				8FEE8D3F1A719627005C7E1B /* ViewController.xib in Resources */,
				8FEE8D231A719345005C7E1B /* Images.xcassets in Resources */,
			);
			runOnlyForDeploymentPostprocessing = 0;
		};
		8FEE8D291A719345005C7E1B /* Resources */ = {
			isa = PBXResourcesBuildPhase;
			buildActionMask = 2147483647;
			files = (
			);
			runOnlyForDeploymentPostprocessing = 0;
		};
/* End PBXResourcesBuildPhase section */

/* Begin PBXSourcesBuildPhase section */
		8FEE8D081A719345005C7E1B /* Sources */ = {
			isa = PBXSourcesBuildPhase;
			buildActionMask = 2147483647;
			files = (
				8FEE8D3E1A719627005C7E1B /* ViewController.m in Sources */,
				8FEE8D1B1A719345005C7E1B /* DataViewController.m in Sources */,
				8FEE8D151A719345005C7E1B /* AppDelegate.m in Sources */,
				8FEE8D1E1A719345005C7E1B /* ModelController.m in Sources */,
				8FEE8D121A719345005C7E1B /* main.m in Sources */,
				8FEE8D181A719345005C7E1B /* RootViewController.m in Sources */,
			);
			runOnlyForDeploymentPostprocessing = 0;
		};
		8FEE8D271A719345005C7E1B /* Sources */ = {
			isa = PBXSourcesBuildPhase;
			buildActionMask = 2147483647;
			files = (
				8FEE8D321A719345005C7E1B /* QuizTests.m in Sources */,
			);
			runOnlyForDeploymentPostprocessing = 0;
		};
/* End PBXSourcesBuildPhase section */

/* Begin PBXTargetDependency section */
		8FEE8D2D1A719345005C7E1B /* PBXTargetDependency */ = {
			isa = PBXTargetDependency;
			target = 8FEE8D0B1A719345005C7E1B /* Quiz */;
			targetProxy = 8FEE8D2C1A719345005C7E1B /* PBXContainerItemProxy */;
		};
/* End PBXTargetDependency section */

/* Begin PBXVariantGroup section */
		8FEE8D1F1A719345005C7E1B /* Main.storyboard */ = {
			isa = PBXVariantGroup;
			children = (
				8FEE8D201A719345005C7E1B /* Base */,
			);
			name = Main.storyboard;
			sourceTree = "<group>";
		};
		8FEE8D241A719345005C7E1B /* LaunchScreen.xib */ = {
			isa = PBXVariantGroup;
			children = (
				8FEE8D251A719345005C7E1B /* Base */,
			);
			name = LaunchScreen.xib;
			sourceTree = "<group>";
		};
/* End PBXVariantGroup section */

/* Begin XCBuildConfiguration section */
		8FEE8D331A719345005C7E1B /* Debug */ = {
			isa = XCBuildConfiguration;
			buildSettings = {
				ALWAYS_SEARCH_USER_PATHS = NO;
				CLANG_CXX_LANGUAGE_STANDARD = "gnu++0x";
				CLANG_CXX_LIBRARY = "libc++";
				CLANG_ENABLE_MODULES = YES;
				CLANG_ENABLE_OBJC_ARC = YES;
				CLANG_WARN_BOOL_CONVERSION = YES;
				CLANG_WARN_CONSTANT_CONVERSION = YES;
				CLANG_WARN_DIRECT_OBJC_ISA_USAGE = YES_ERROR;
				CLANG_WARN_EMPTY_BODY = YES;
				CLANG_WARN_ENUM_CONVERSION = YES;
				CLANG_WARN_INT_CONVERSION = YES;
				CLANG_WARN_OBJC_ROOT_CLASS = YES_ERROR;
				CLANG_WARN_UNREACHABLE_CODE = YES;
				CLANG_WARN__DUPLICATE_METHOD_MATCH = YES;
				"CODE_SIGN_IDENTITY[sdk=iphoneos*]" = "iPhone Developer";
				COPY_PHASE_STRIP = NO;
				ENABLE_STRICT_OBJC_MSGSEND = YES;
				GCC_C_LANGUAGE_STANDARD = gnu99;
				GCC_DYNAMIC_NO_PIC = NO;
				GCC_OPTIMIZATION_LEVEL = 0;
				GCC_PREPROCESSOR_DEFINITIONS = (
					"DEBUG=1",
					"$(inherited)",
				);
				GCC_SYMBOLS_PRIVATE_EXTERN = NO;
				GCC_WARN_64_TO_32_BIT_CONVERSION = YES;
				GCC_WARN_ABOUT_RETURN_TYPE = YES_ERROR;
				GCC_WARN_UNDECLARED_SELECTOR = YES;
				GCC_WARN_UNINITIALIZED_AUTOS = YES_AGGRESSIVE;
				GCC_WARN_UNUSED_FUNCTION = YES;
				GCC_WARN_UNUSED_VARIABLE = YES;
				IPHONEOS_DEPLOYMENT_TARGET = 8.1;
				MTL_ENABLE_DEBUG_INFO = YES;
				ONLY_ACTIVE_ARCH = YES;
				SDKROOT = iphoneos;
			};
			name = Debug;
		};
		8FEE8D341A719345005C7E1B /* Release */ = {
			isa = XCBuildConfiguration;
			buildSettings = {
				ALWAYS_SEARCH_USER_PATHS = NO;
				CLANG_CXX_LANGUAGE_STANDARD = "gnu++0x";
				CLANG_CXX_LIBRARY = "libc++";
				CLANG_ENABLE_MODULES = YES;
				CLANG_ENABLE_OBJC_ARC = YES;
				CLANG_WARN_BOOL_CONVERSION = YES;
				CLANG_WARN_CONSTANT_CONVERSION = YES;
				CLANG_WARN_DIRECT_OBJC_ISA_USAGE = YES_ERROR;
				CLANG_WARN_EMPTY_BODY = YES;
				CLANG_WARN_ENUM_CONVERSION = YES;
				CLANG_WARN_INT_CONVERSION = YES;
				CLANG_WARN_OBJC_ROOT_CLASS = YES_ERROR;
				CLANG_WARN_UNREACHABLE_CODE = YES;
				CLANG_WARN__DUPLICATE_METHOD_MATCH = YES;
				"CODE_SIGN_IDENTITY[sdk=iphoneos*]" = "iPhone Developer";
				COPY_PHASE_STRIP = YES;
				ENABLE_NS_ASSERTIONS = NO;
				ENABLE_STRICT_OBJC_MSGSEND = YES;
				GCC_C_LANGUAGE_STANDARD = gnu99;
				GCC_WARN_64_TO_32_BIT_CONVERSION = YES;
				GCC_WARN_ABOUT_RETURN_TYPE = YES_ERROR;
				GCC_WARN_UNDECLARED_SELECTOR = YES;
				GCC_WARN_UNINITIALIZED_AUTOS = YES_AGGRESSIVE;
				GCC_WARN_UNUSED_FUNCTION = YES;
				GCC_WARN_UNUSED_VARIABLE = YES;
				IPHONEOS_DEPLOYMENT_TARGET = 8.1;
				MTL_ENABLE_DEBUG_INFO = NO;
				SDKROOT = iphoneos;
				VALIDATE_PRODUCT = YES;
			};
			name = Release;
		};
		8FEE8D361A719345005C7E1B /* Debug */ = {
			isa = XCBuildConfiguration;
			buildSettings = {
				ASSETCATALOG_COMPILER_APPICON_NAME = AppIcon;
				INFOPLIST_FILE = Quiz/Info.plist;
				LD_RUNPATH_SEARCH_PATHS = "$(inherited) @executable_path/Frameworks";
				PRODUCT_NAME = "$(TARGET_NAME)";
			};
			name = Debug;
		};
		8FEE8D371A719345005C7E1B /* Release */ = {
			isa = XCBuildConfiguration;
			buildSettings = {
				ASSETCATALOG_COMPILER_APPICON_NAME = AppIcon;
				INFOPLIST_FILE = Quiz/Info.plist;
				LD_RUNPATH_SEARCH_PATHS = "$(inherited) @executable_path/Frameworks";
				PRODUCT_NAME = "$(TARGET_NAME)";
			};
			name = Release;
		};
		8FEE8D391A719345005C7E1B /* Debug */ = {
			isa = XCBuildConfiguration;
			buildSettings = {
				BUNDLE_LOADER = "$(TEST_HOST)";
				FRAMEWORK_SEARCH_PATHS = (
					"$(SDKROOT)/Developer/Library/Frameworks",
					"$(inherited)",
				);
				GCC_PREPROCESSOR_DEFINITIONS = (
					"DEBUG=1",
					"$(inherited)",
				);
				INFOPLIST_FILE = QuizTests/Info.plist;
				LD_RUNPATH_SEARCH_PATHS = "$(inherited) @executable_path/Frameworks @loader_path/Frameworks";
				PRODUCT_NAME = "$(TARGET_NAME)";
				TEST_HOST = "$(BUILT_PRODUCTS_DIR)/Quiz.app/Quiz";
			};
			name = Debug;
		};
		8FEE8D3A1A719345005C7E1B /* Release */ = {
			isa = XCBuildConfiguration;
			buildSettings = {
				BUNDLE_LOADER = "$(TEST_HOST)";
				FRAMEWORK_SEARCH_PATHS = (
					"$(SDKROOT)/Developer/Library/Frameworks",
					"$(inherited)",
				);
				INFOPLIST_FILE = QuizTests/Info.plist;
				LD_RUNPATH_SEARCH_PATHS = "$(inherited) @executable_path/Frameworks @loader_path/Frameworks";
				PRODUCT_NAME = "$(TARGET_NAME)";
				TEST_HOST = "$(BUILT_PRODUCTS_DIR)/Quiz.app/Quiz";
			};
			name = Release;
		};
/* End XCBuildConfiguration section */

/* Begin XCConfigurationList section */
		8FEE8D071A719345005C7E1B /* Build configuration list for PBXProject "Quiz" */ = {
			isa = XCConfigurationList;
			buildConfigurations = (
				8FEE8D331A719345005C7E1B /* Debug */,
				8FEE8D341A719345005C7E1B /* Release */,
			);
			defaultConfigurationIsVisible = 0;
			defaultConfigurationName = Release;
		};
		8FEE8D351A719345005C7E1B /* Build configuration list for PBXNativeTarget "Quiz" */ = {
			isa = XCConfigurationList;
			buildConfigurations = (
				8FEE8D361A719345005C7E1B /* Debug */,
				8FEE8D371A719345005C7E1B /* Release */,
			);
			defaultConfigurationIsVisible = 0;
		};
		8FEE8D381A719345005C7E1B /* Build configuration list for PBXNativeTarget "QuizTests" */ = {
			isa = XCConfigurationList;
			buildConfigurations = (
				8FEE8D391A719345005C7E1B /* Debug */,
				8FEE8D3A1A719345005C7E1B /* Release */,
			);
			defaultConfigurationIsVisible = 0;
		};
/* End XCConfigurationList section */
	};
	rootObject = 8FEE8D041A719345005C7E1B /* Project object */;
}
